
Microsoft Visual Studio Solution File, Format Version 12.00
# Visual Studio Version 16
VisualStudioVersion = 16.0.29123.88
MinimumVisualStudioVersion = 10.0.40219.1
Project("{FAE04EC0-301F-11D3-BF4B-00C04F79EFBC}") = "Area", "Area.csproj", "{3085BFC4-E2C0-4025-A65A-3F1F663C142A}"
EndProject
Global
	GlobalSection(SolutionConfigurationPlatforms) = preSolution
		Debug|Any CPU = Debug|Any CPU
		Release|Any CPU = Release|Any CPU
	EndGlobalSection
	GlobalSection(ProjectConfigurationPlatforms) = postSolution
		{3085BFC4-E2C0-4025-A65A-3F1F663C142A}.Debug|Any CPU.ActiveCfg = Debug|Any CPU
		{3085BFC4-E2C0-4025-A65A-3F1F663C142A}.Debug|Any CPU.Build.0 = Debug|Any CPU
		{3085BFC4-E2C0-4025-A65A-3F1F663C142A}.Release|Any CPU.ActiveCfg = Release|Any CPU
		{3085BFC4-E2C0-4025-A65A-3F1F663C142A}.Release|Any CPU.Build.0 = Release|Any CPU
	EndGlobalSection
	GlobalSection(SolutionProperties) = preSolution
		HideSolutionNode = FALSE
	EndGlobalSection
	GlobalSection(ExtensibilityGlobals) = postSolution
		SolutionGuid = {5A6A21C6-8394-438E-9180-C52EF0971633}
	EndGlobalSection
EndGlobal
